
Microsoft Visual Studio Solution File, Format Version 12.00
# Visual Studio Version 16
VisualStudioVersion = 16.0.31911.196
MinimumVisualStudioVersion = 10.0.40219.1
Project("{9A19103F-16F7-4668-BE54-9A1E7A4F7556}") = "Three", "Three\Three.csproj", "{61D76D0C-063F-4F82-BF18-3429F7D0ACFE}"
EndProject
Project("{9A19103F-16F7-4668-BE54-9A1E7A4F7556}") = "ThreeRazorPage", "ThreeRazorPage\ThreeRazorPage.csproj", "{D06903DB-8532-4B0C-9C3E-66AAD436A437}"
EndProject
Global
	GlobalSection(SolutionConfigurationPlatforms) = preSolution
		Debug|Any CPU = Debug|Any CPU
		Release|Any CPU = Release|Any CPU
	EndGlobalSection
	GlobalSection(ProjectConfigurationPlatforms) = postSolution
		{61D76D0C-063F-4F82-BF18-3429F7D0ACFE}.Debug|Any CPU.ActiveCfg = Debug|Any CPU
		{61D76D0C-063F-4F82-BF18-3429F7D0ACFE}.Debug|Any CPU.Build.0 = Debug|Any CPU
		{61D76D0C-063F-4F82-BF18-3429F7D0ACFE}.Release|Any CPU.ActiveCfg = Release|Any CPU
		{61D76D0C-063F-4F82-BF18-3429F7D0ACFE}.Release|Any CPU.Build.0 = Release|Any CPU
		{D06903DB-8532-4B0C-9C3E-66AAD436A437}.Debug|Any CPU.ActiveCfg = Debug|Any CPU
		{D06903DB-8532-4B0C-9C3E-66AAD436A437}.Debug|Any CPU.Build.0 = Debug|Any CPU
		{D06903DB-8532-4B0C-9C3E-66AAD436A437}.Release|Any CPU.ActiveCfg = Release|Any CPU
		{D06903DB-8532-4B0C-9C3E-66AAD436A437}.Release|Any CPU.Build.0 = Release|Any CPU
	EndGlobalSection
	GlobalSection(SolutionProperties) = preSolution
		HideSolutionNode = FALSE
	EndGlobalSection
	GlobalSection(ExtensibilityGlobals) = postSolution
		SolutionGuid = {D5126749-A734-4D8D-B30B-9D7489BB994E}
	EndGlobalSection
EndGlobal
