
Microsoft Visual Studio Solution File, Format Version 12.00
# Visual Studio Version 16
VisualStudioVersion = 16.0.31911.196
MinimumVisualStudioVersion = 10.0.40219.1
Project("{9A19103F-16F7-4668-BE54-9A1E7A4F7556}") = "01-SimpleDemo", "01-SimpleDemo\01-SimpleDemo.csproj", "{A52F0DBD-FB10-4369-B73D-3180AFDE38C6}"
EndProject
Project("{FAE04EC0-301F-11D3-BF4B-00C04F79EFBC}") = "Web.Log4Net", "Web.Log4Net\Web.Log4Net.csproj", "{398E9804-5318-4726-9D37-023271DF217A}"
EndProject
Global
	GlobalSection(SolutionConfigurationPlatforms) = preSolution
		Debug|Any CPU = Debug|Any CPU
		Release|Any CPU = Release|Any CPU
	EndGlobalSection
	GlobalSection(ProjectConfigurationPlatforms) = postSolution
		{A52F0DBD-FB10-4369-B73D-3180AFDE38C6}.Debug|Any CPU.ActiveCfg = Debug|Any CPU
		{A52F0DBD-FB10-4369-B73D-3180AFDE38C6}.Debug|Any CPU.Build.0 = Debug|Any CPU
		{A52F0DBD-FB10-4369-B73D-3180AFDE38C6}.Release|Any CPU.ActiveCfg = Release|Any CPU
		{A52F0DBD-FB10-4369-B73D-3180AFDE38C6}.Release|Any CPU.Build.0 = Release|Any CPU
		{398E9804-5318-4726-9D37-023271DF217A}.Debug|Any CPU.ActiveCfg = Debug|Any CPU
		{398E9804-5318-4726-9D37-023271DF217A}.Debug|Any CPU.Build.0 = Debug|Any CPU
		{398E9804-5318-4726-9D37-023271DF217A}.Release|Any CPU.ActiveCfg = Release|Any CPU
		{398E9804-5318-4726-9D37-023271DF217A}.Release|Any CPU.Build.0 = Release|Any CPU
	EndGlobalSection
	GlobalSection(SolutionProperties) = preSolution
		HideSolutionNode = FALSE
	EndGlobalSection
	GlobalSection(ExtensibilityGlobals) = postSolution
		SolutionGuid = {B4E9630B-B97D-43E9-ACF4-B7C1656A9206}
	EndGlobalSection
EndGlobal
