
Microsoft Visual Studio Solution File, Format Version 12.00
# Visual Studio Version 17
VisualStudioVersion = 17.2.32630.192
MinimumVisualStudioVersion = 10.0.40219.1
Project("{2150E333-8FDC-42A3-9474-1A3956D46DE8}") = "A-Creational", "A-Creational", "{EAF216FA-C3E1-435D-B528-3FF45AFF12EB}"
EndProject
Project("{2150E333-8FDC-42A3-9474-1A3956D46DE8}") = "B-Structural", "B-Structural", "{B74519DC-0335-4F08-9B28-4E65ACBB5FA5}"
EndProject
Project("{2150E333-8FDC-42A3-9474-1A3956D46DE8}") = "C-Behavioral", "C-Behavioral", "{575EA32E-EF68-48AA-A5CF-47B510A0D66D}"
EndProject
Project("{2150E333-8FDC-42A3-9474-1A3956D46DE8}") = "01-Singleton", "01-Singleton", "{A267EBFD-8C1B-42BD-AB2A-61EB50B7048C}"
EndProject
Project("{2150E333-8FDC-42A3-9474-1A3956D46DE8}") = "解决方案项", "解决方案项", "{2BD82EDF-26E5-4D76-B1D2-F1879AB37D59}"
	ProjectSection(SolutionItems) = preProject
		readme.md = readme.md
	EndProjectSection
EndProject
Project("{9A19103F-16F7-4668-BE54-9A1E7A4F7556}") = "Singleton", "Singleton\Singleton.csproj", "{A3E52CAD-8F9F-4CF9-B17F-A2E467CD8179}"
EndProject
Project("{2150E333-8FDC-42A3-9474-1A3956D46DE8}") = "02-Factory Method", "02-Factory Method", "{3AD78F2E-45D4-4E5C-9275-53F43A643A7A}"
EndProject
Project("{9A19103F-16F7-4668-BE54-9A1E7A4F7556}") = "FactoryMethod", "FactoryMethod\FactoryMethod.csproj", "{0B90E96B-8384-4597-8AFD-50D1493AC84F}"
EndProject
Project("{2150E333-8FDC-42A3-9474-1A3956D46DE8}") = "03-Abstract Factoury", "03-Abstract Factoury", "{34ECF1A7-9848-47F5-9A65-41C81B5886F4}"
EndProject
Project("{9A19103F-16F7-4668-BE54-9A1E7A4F7556}") = "AbstractFactory", "AbstractFactory\AbstractFactory.csproj", "{A88D8B3F-13C8-4E71-A64C-CE4291A35841}"
EndProject
Project("{2150E333-8FDC-42A3-9474-1A3956D46DE8}") = "04-BuilderPattern", "04-BuilderPattern", "{C1B1EDDD-7126-45E7-B013-1DC4D2DD3D1C}"
EndProject
Project("{9A19103F-16F7-4668-BE54-9A1E7A4F7556}") = "BuilderPattern", "BuilderPattern\BuilderPattern.csproj", "{2DFE8DDF-0C67-44E2-B52A-141165BEA20C}"
EndProject
Project("{2150E333-8FDC-42A3-9474-1A3956D46DE8}") = "05-PropertypePattern", "05-PropertypePattern", "{1D86FA8D-4070-4BAA-AED3-B2FAA0F7CBEB}"
EndProject
Project("{9A19103F-16F7-4668-BE54-9A1E7A4F7556}") = "PropertypePattern", "PropertyPattern\PropertypePattern.csproj", "{7F3C98D9-369A-43F0-B96E-FE76779784A2}"
EndProject
Project("{2150E333-8FDC-42A3-9474-1A3956D46DE8}") = "06-Adapter", "06-Adapter", "{29E3FA86-BCDF-42D5-8070-D8BEE20B31BA}"
EndProject
Project("{9A19103F-16F7-4668-BE54-9A1E7A4F7556}") = "Adapter", "Adapter\Adapter.csproj", "{9334E58F-1F98-428A-8AAD-6A54F1F8195D}"
EndProject
Project("{2150E333-8FDC-42A3-9474-1A3956D46DE8}") = "07-Bridge", "07-Bridge", "{9E958803-F0AC-49CE-9642-E05F865080DB}"
EndProject
Project("{9A19103F-16F7-4668-BE54-9A1E7A4F7556}") = "Bridge", "Bridge\Bridge.csproj", "{156C507A-404D-417B-8631-CFDF33B3ED65}"
EndProject
Project("{2150E333-8FDC-42A3-9474-1A3956D46DE8}") = "08-Decorator", "08-Decorator", "{4BB9B6ED-4CED-43F2-8358-9D8CCA6E8B12}"
EndProject
Project("{9A19103F-16F7-4668-BE54-9A1E7A4F7556}") = "Decorator", "Decorator\Decorator.csproj", "{2AFB2960-026A-4769-A5DC-C8C685941AB6}"
EndProject
Project("{2150E333-8FDC-42A3-9474-1A3956D46DE8}") = "09-Composite", "09-Composite", "{A155BB9F-095D-49F7-8F5F-3C9E41F50414}"
EndProject
Project("{9A19103F-16F7-4668-BE54-9A1E7A4F7556}") = "Composite", "Composite\Composite.csproj", "{C343087E-5C37-4875-8FF7-86FEA35B47AB}"
EndProject
Project("{2150E333-8FDC-42A3-9474-1A3956D46DE8}") = "10-Facade", "10-Facade", "{B18527FA-D324-4761-B7E3-7D9B4251F45B}"
EndProject
Project("{9A19103F-16F7-4668-BE54-9A1E7A4F7556}") = "Facade", "Facade\Facade.csproj", "{2B93326F-3C71-43E3-8036-C317BA92BDFB}"
EndProject
Project("{2150E333-8FDC-42A3-9474-1A3956D46DE8}") = "11-Proxy", "11-Proxy", "{E6CACCC8-338C-42D0-820C-6C8D84F1343D}"
EndProject
Project("{9A19103F-16F7-4668-BE54-9A1E7A4F7556}") = "Proxy", "Proxy\Proxy.csproj", "{685026C9-84DF-4DAD-AE43-B5FC8C5A914C}"
EndProject
Project("{2150E333-8FDC-42A3-9474-1A3956D46DE8}") = "12-Flyweight", "12-Flyweight", "{53284B41-772F-4548-BD25-4E86A594997F}"
EndProject
Project("{9A19103F-16F7-4668-BE54-9A1E7A4F7556}") = "Flyweight", "Flyweight\Flyweight.csproj", "{032ABDD7-AF09-4CA3-8171-1A89A9172646}"
EndProject
Project("{2150E333-8FDC-42A3-9474-1A3956D46DE8}") = "13-Template", "13-Template", "{BCF3B6EF-EEA7-41C0-913F-F619960DC01E}"
EndProject
Project("{9A19103F-16F7-4668-BE54-9A1E7A4F7556}") = "TemplatePattern", "TemplatePattern\TemplatePattern.csproj", "{40157A87-EDCA-4CFC-9398-B58627902F07}"
EndProject
Project("{2150E333-8FDC-42A3-9474-1A3956D46DE8}") = "14-Strategy", "14-Strategy", "{A5B61C09-EAD1-4AF8-8470-5C4C2C56B12E}"
EndProject
Project("{9A19103F-16F7-4668-BE54-9A1E7A4F7556}") = "Strategy", "Stragety\Strategy.csproj", "{0FB7921A-DE36-4AAA-B5EA-EDED3C115A16}"
EndProject
Project("{2150E333-8FDC-42A3-9474-1A3956D46DE8}") = "15-Command", "15-Command", "{F58B0C83-FF2C-437E-AB7F-6477DDFCF3AE}"
EndProject
Project("{9A19103F-16F7-4668-BE54-9A1E7A4F7556}") = "CommandPattern", "CommandPattern\CommandPattern.csproj", "{CC487002-2CB5-4A24-B9AB-10A79F7794DB}"
EndProject
Project("{2150E333-8FDC-42A3-9474-1A3956D46DE8}") = "16-Memento", "16-Memento", "{5B1AA185-F596-4D93-8648-32153F45C930}"
EndProject
Project("{9A19103F-16F7-4668-BE54-9A1E7A4F7556}") = "Memento", "Memento\Memento.csproj", "{0A71BF7F-6006-4187-818A-C610DA2F22F6}"
EndProject
Project("{2150E333-8FDC-42A3-9474-1A3956D46DE8}") = "17-Mediator", "17-Mediator", "{F1FDF6D6-C537-42C0-8F66-92E601461665}"
EndProject
Project("{9A19103F-16F7-4668-BE54-9A1E7A4F7556}") = "Mediator", "Mediator\Mediator.csproj", "{2C5CD1EF-647E-4430-B136-653FAFDB57D4}"
EndProject
Project("{2150E333-8FDC-42A3-9474-1A3956D46DE8}") = "18-ChainOfResponsibility", "18-ChainOfResponsibility", "{AD799756-664B-4656-BFD9-F355BB739CCC}"
EndProject
Project("{9A19103F-16F7-4668-BE54-9A1E7A4F7556}") = "ChainOfResponsibility", "ChainOfResponsibility\ChainOfResponsibility.csproj", "{0765EA4C-668E-445C-8A6C-2DDE95649856}"
EndProject
Project("{2150E333-8FDC-42A3-9474-1A3956D46DE8}") = "19-Observer", "19-Observer", "{A3A0BBA3-299D-4D09-85FD-5CC8ADDFE8A4}"
EndProject
Project("{FAE04EC0-301F-11D3-BF4B-00C04F79EFBC}") = "Observer", "Observer\Observer.csproj", "{8DA43B9F-2B52-43E4-A0FF-0891FE94DCDA}"
EndProject
Project("{2150E333-8FDC-42A3-9474-1A3956D46DE8}") = "20-State", "20-State", "{6A85E86E-FD2C-45EE-8E5F-191294C36643}"
EndProject
Project("{FAE04EC0-301F-11D3-BF4B-00C04F79EFBC}") = "State", "State\State.csproj", "{77F7FB00-25B8-4157-8DAE-2BD744149EFB}"
EndProject
Project("{2150E333-8FDC-42A3-9474-1A3956D46DE8}") = "21-Iterator", "21-Iterator", "{0D731B11-72AF-47CA-A2FA-8065CE48EFFE}"
EndProject
Project("{FAE04EC0-301F-11D3-BF4B-00C04F79EFBC}") = "Iterator", "Iterator\Iterator.csproj", "{46949176-10F5-49EB-AE5B-C38980FF2622}"
EndProject
Project("{2150E333-8FDC-42A3-9474-1A3956D46DE8}") = "22-Visitor", "22-Visitor", "{A21C7B28-4B9A-48F2-9FDE-1F8EE7AF93C8}"
EndProject
Project("{FAE04EC0-301F-11D3-BF4B-00C04F79EFBC}") = "Visitor", "Visitor\Visitor.csproj", "{B8746F35-AF33-4704-B377-6AB199C351C1}"
EndProject
Project("{2150E333-8FDC-42A3-9474-1A3956D46DE8}") = "23-Interpreter", "23-Interpreter", "{67BA7A42-5CE8-4608-BF25-C401E8E9D517}"
EndProject
Project("{FAE04EC0-301F-11D3-BF4B-00C04F79EFBC}") = "Interpreter", "Interpreter\Interpreter.csproj", "{D9CB2F19-81FE-45B3-8BB4-B84E9853A63F}"
EndProject
Global
	GlobalSection(SolutionConfigurationPlatforms) = preSolution
		Debug|Any CPU = Debug|Any CPU
		Release|Any CPU = Release|Any CPU
	EndGlobalSection
	GlobalSection(ProjectConfigurationPlatforms) = postSolution
		{A3E52CAD-8F9F-4CF9-B17F-A2E467CD8179}.Debug|Any CPU.ActiveCfg = Debug|Any CPU
		{A3E52CAD-8F9F-4CF9-B17F-A2E467CD8179}.Debug|Any CPU.Build.0 = Debug|Any CPU
		{A3E52CAD-8F9F-4CF9-B17F-A2E467CD8179}.Release|Any CPU.ActiveCfg = Release|Any CPU
		{A3E52CAD-8F9F-4CF9-B17F-A2E467CD8179}.Release|Any CPU.Build.0 = Release|Any CPU
		{0B90E96B-8384-4597-8AFD-50D1493AC84F}.Debug|Any CPU.ActiveCfg = Debug|Any CPU
		{0B90E96B-8384-4597-8AFD-50D1493AC84F}.Debug|Any CPU.Build.0 = Debug|Any CPU
		{0B90E96B-8384-4597-8AFD-50D1493AC84F}.Release|Any CPU.ActiveCfg = Release|Any CPU
		{0B90E96B-8384-4597-8AFD-50D1493AC84F}.Release|Any CPU.Build.0 = Release|Any CPU
		{A88D8B3F-13C8-4E71-A64C-CE4291A35841}.Debug|Any CPU.ActiveCfg = Debug|Any CPU
		{A88D8B3F-13C8-4E71-A64C-CE4291A35841}.Debug|Any CPU.Build.0 = Debug|Any CPU
		{A88D8B3F-13C8-4E71-A64C-CE4291A35841}.Release|Any CPU.ActiveCfg = Release|Any CPU
		{A88D8B3F-13C8-4E71-A64C-CE4291A35841}.Release|Any CPU.Build.0 = Release|Any CPU
		{2DFE8DDF-0C67-44E2-B52A-141165BEA20C}.Debug|Any CPU.ActiveCfg = Debug|Any CPU
		{2DFE8DDF-0C67-44E2-B52A-141165BEA20C}.Debug|Any CPU.Build.0 = Debug|Any CPU
		{2DFE8DDF-0C67-44E2-B52A-141165BEA20C}.Release|Any CPU.ActiveCfg = Release|Any CPU
		{2DFE8DDF-0C67-44E2-B52A-141165BEA20C}.Release|Any CPU.Build.0 = Release|Any CPU
		{7F3C98D9-369A-43F0-B96E-FE76779784A2}.Debug|Any CPU.ActiveCfg = Debug|Any CPU
		{7F3C98D9-369A-43F0-B96E-FE76779784A2}.Debug|Any CPU.Build.0 = Debug|Any CPU
		{7F3C98D9-369A-43F0-B96E-FE76779784A2}.Release|Any CPU.ActiveCfg = Release|Any CPU
		{7F3C98D9-369A-43F0-B96E-FE76779784A2}.Release|Any CPU.Build.0 = Release|Any CPU
		{9334E58F-1F98-428A-8AAD-6A54F1F8195D}.Debug|Any CPU.ActiveCfg = Debug|Any CPU
		{9334E58F-1F98-428A-8AAD-6A54F1F8195D}.Debug|Any CPU.Build.0 = Debug|Any CPU
		{9334E58F-1F98-428A-8AAD-6A54F1F8195D}.Release|Any CPU.ActiveCfg = Release|Any CPU
		{9334E58F-1F98-428A-8AAD-6A54F1F8195D}.Release|Any CPU.Build.0 = Release|Any CPU
		{156C507A-404D-417B-8631-CFDF33B3ED65}.Debug|Any CPU.ActiveCfg = Debug|Any CPU
		{156C507A-404D-417B-8631-CFDF33B3ED65}.Debug|Any CPU.Build.0 = Debug|Any CPU
		{156C507A-404D-417B-8631-CFDF33B3ED65}.Release|Any CPU.ActiveCfg = Release|Any CPU
		{156C507A-404D-417B-8631-CFDF33B3ED65}.Release|Any CPU.Build.0 = Release|Any CPU
		{2AFB2960-026A-4769-A5DC-C8C685941AB6}.Debug|Any CPU.ActiveCfg = Debug|Any CPU
		{2AFB2960-026A-4769-A5DC-C8C685941AB6}.Debug|Any CPU.Build.0 = Debug|Any CPU
		{2AFB2960-026A-4769-A5DC-C8C685941AB6}.Release|Any CPU.ActiveCfg = Release|Any CPU
		{2AFB2960-026A-4769-A5DC-C8C685941AB6}.Release|Any CPU.Build.0 = Release|Any CPU
		{C343087E-5C37-4875-8FF7-86FEA35B47AB}.Debug|Any CPU.ActiveCfg = Debug|Any CPU
		{C343087E-5C37-4875-8FF7-86FEA35B47AB}.Debug|Any CPU.Build.0 = Debug|Any CPU
		{C343087E-5C37-4875-8FF7-86FEA35B47AB}.Release|Any CPU.ActiveCfg = Release|Any CPU
		{C343087E-5C37-4875-8FF7-86FEA35B47AB}.Release|Any CPU.Build.0 = Release|Any CPU
		{2B93326F-3C71-43E3-8036-C317BA92BDFB}.Debug|Any CPU.ActiveCfg = Debug|Any CPU
		{2B93326F-3C71-43E3-8036-C317BA92BDFB}.Debug|Any CPU.Build.0 = Debug|Any CPU
		{2B93326F-3C71-43E3-8036-C317BA92BDFB}.Release|Any CPU.ActiveCfg = Release|Any CPU
		{2B93326F-3C71-43E3-8036-C317BA92BDFB}.Release|Any CPU.Build.0 = Release|Any CPU
		{685026C9-84DF-4DAD-AE43-B5FC8C5A914C}.Debug|Any CPU.ActiveCfg = Debug|Any CPU
		{685026C9-84DF-4DAD-AE43-B5FC8C5A914C}.Debug|Any CPU.Build.0 = Debug|Any CPU
		{685026C9-84DF-4DAD-AE43-B5FC8C5A914C}.Release|Any CPU.ActiveCfg = Release|Any CPU
		{685026C9-84DF-4DAD-AE43-B5FC8C5A914C}.Release|Any CPU.Build.0 = Release|Any CPU
		{032ABDD7-AF09-4CA3-8171-1A89A9172646}.Debug|Any CPU.ActiveCfg = Debug|Any CPU
		{032ABDD7-AF09-4CA3-8171-1A89A9172646}.Debug|Any CPU.Build.0 = Debug|Any CPU
		{032ABDD7-AF09-4CA3-8171-1A89A9172646}.Release|Any CPU.ActiveCfg = Release|Any CPU
		{032ABDD7-AF09-4CA3-8171-1A89A9172646}.Release|Any CPU.Build.0 = Release|Any CPU
		{40157A87-EDCA-4CFC-9398-B58627902F07}.Debug|Any CPU.ActiveCfg = Debug|Any CPU
		{40157A87-EDCA-4CFC-9398-B58627902F07}.Debug|Any CPU.Build.0 = Debug|Any CPU
		{40157A87-EDCA-4CFC-9398-B58627902F07}.Release|Any CPU.ActiveCfg = Release|Any CPU
		{40157A87-EDCA-4CFC-9398-B58627902F07}.Release|Any CPU.Build.0 = Release|Any CPU
		{0FB7921A-DE36-4AAA-B5EA-EDED3C115A16}.Debug|Any CPU.ActiveCfg = Debug|Any CPU
		{0FB7921A-DE36-4AAA-B5EA-EDED3C115A16}.Debug|Any CPU.Build.0 = Debug|Any CPU
		{0FB7921A-DE36-4AAA-B5EA-EDED3C115A16}.Release|Any CPU.ActiveCfg = Release|Any CPU
		{0FB7921A-DE36-4AAA-B5EA-EDED3C115A16}.Release|Any CPU.Build.0 = Release|Any CPU
		{CC487002-2CB5-4A24-B9AB-10A79F7794DB}.Debug|Any CPU.ActiveCfg = Debug|Any CPU
		{CC487002-2CB5-4A24-B9AB-10A79F7794DB}.Debug|Any CPU.Build.0 = Debug|Any CPU
		{CC487002-2CB5-4A24-B9AB-10A79F7794DB}.Release|Any CPU.ActiveCfg = Release|Any CPU
		{CC487002-2CB5-4A24-B9AB-10A79F7794DB}.Release|Any CPU.Build.0 = Release|Any CPU
		{0A71BF7F-6006-4187-818A-C610DA2F22F6}.Debug|Any CPU.ActiveCfg = Debug|Any CPU
		{0A71BF7F-6006-4187-818A-C610DA2F22F6}.Debug|Any CPU.Build.0 = Debug|Any CPU
		{0A71BF7F-6006-4187-818A-C610DA2F22F6}.Release|Any CPU.ActiveCfg = Release|Any CPU
		{0A71BF7F-6006-4187-818A-C610DA2F22F6}.Release|Any CPU.Build.0 = Release|Any CPU
		{2C5CD1EF-647E-4430-B136-653FAFDB57D4}.Debug|Any CPU.ActiveCfg = Debug|Any CPU
		{2C5CD1EF-647E-4430-B136-653FAFDB57D4}.Debug|Any CPU.Build.0 = Debug|Any CPU
		{2C5CD1EF-647E-4430-B136-653FAFDB57D4}.Release|Any CPU.ActiveCfg = Release|Any CPU
		{2C5CD1EF-647E-4430-B136-653FAFDB57D4}.Release|Any CPU.Build.0 = Release|Any CPU
		{0765EA4C-668E-445C-8A6C-2DDE95649856}.Debug|Any CPU.ActiveCfg = Debug|Any CPU
		{0765EA4C-668E-445C-8A6C-2DDE95649856}.Debug|Any CPU.Build.0 = Debug|Any CPU
		{0765EA4C-668E-445C-8A6C-2DDE95649856}.Release|Any CPU.ActiveCfg = Release|Any CPU
		{0765EA4C-668E-445C-8A6C-2DDE95649856}.Release|Any CPU.Build.0 = Release|Any CPU
		{8DA43B9F-2B52-43E4-A0FF-0891FE94DCDA}.Debug|Any CPU.ActiveCfg = Debug|Any CPU
		{8DA43B9F-2B52-43E4-A0FF-0891FE94DCDA}.Debug|Any CPU.Build.0 = Debug|Any CPU
		{8DA43B9F-2B52-43E4-A0FF-0891FE94DCDA}.Release|Any CPU.ActiveCfg = Release|Any CPU
		{8DA43B9F-2B52-43E4-A0FF-0891FE94DCDA}.Release|Any CPU.Build.0 = Release|Any CPU
		{77F7FB00-25B8-4157-8DAE-2BD744149EFB}.Debug|Any CPU.ActiveCfg = Debug|Any CPU
		{77F7FB00-25B8-4157-8DAE-2BD744149EFB}.Debug|Any CPU.Build.0 = Debug|Any CPU
		{77F7FB00-25B8-4157-8DAE-2BD744149EFB}.Release|Any CPU.ActiveCfg = Release|Any CPU
		{77F7FB00-25B8-4157-8DAE-2BD744149EFB}.Release|Any CPU.Build.0 = Release|Any CPU
		{46949176-10F5-49EB-AE5B-C38980FF2622}.Debug|Any CPU.ActiveCfg = Debug|Any CPU
		{46949176-10F5-49EB-AE5B-C38980FF2622}.Debug|Any CPU.Build.0 = Debug|Any CPU
		{46949176-10F5-49EB-AE5B-C38980FF2622}.Release|Any CPU.ActiveCfg = Release|Any CPU
		{46949176-10F5-49EB-AE5B-C38980FF2622}.Release|Any CPU.Build.0 = Release|Any CPU
		{B8746F35-AF33-4704-B377-6AB199C351C1}.Debug|Any CPU.ActiveCfg = Debug|Any CPU
		{B8746F35-AF33-4704-B377-6AB199C351C1}.Debug|Any CPU.Build.0 = Debug|Any CPU
		{B8746F35-AF33-4704-B377-6AB199C351C1}.Release|Any CPU.ActiveCfg = Release|Any CPU
		{B8746F35-AF33-4704-B377-6AB199C351C1}.Release|Any CPU.Build.0 = Release|Any CPU
		{D9CB2F19-81FE-45B3-8BB4-B84E9853A63F}.Debug|Any CPU.ActiveCfg = Debug|Any CPU
		{D9CB2F19-81FE-45B3-8BB4-B84E9853A63F}.Debug|Any CPU.Build.0 = Debug|Any CPU
		{D9CB2F19-81FE-45B3-8BB4-B84E9853A63F}.Release|Any CPU.ActiveCfg = Release|Any CPU
		{D9CB2F19-81FE-45B3-8BB4-B84E9853A63F}.Release|Any CPU.Build.0 = Release|Any CPU
	EndGlobalSection
	GlobalSection(SolutionProperties) = preSolution
		HideSolutionNode = FALSE
	EndGlobalSection
	GlobalSection(NestedProjects) = preSolution
		{A267EBFD-8C1B-42BD-AB2A-61EB50B7048C} = {EAF216FA-C3E1-435D-B528-3FF45AFF12EB}
		{A3E52CAD-8F9F-4CF9-B17F-A2E467CD8179} = {A267EBFD-8C1B-42BD-AB2A-61EB50B7048C}
		{3AD78F2E-45D4-4E5C-9275-53F43A643A7A} = {EAF216FA-C3E1-435D-B528-3FF45AFF12EB}
		{0B90E96B-8384-4597-8AFD-50D1493AC84F} = {3AD78F2E-45D4-4E5C-9275-53F43A643A7A}
		{34ECF1A7-9848-47F5-9A65-41C81B5886F4} = {EAF216FA-C3E1-435D-B528-3FF45AFF12EB}
		{A88D8B3F-13C8-4E71-A64C-CE4291A35841} = {34ECF1A7-9848-47F5-9A65-41C81B5886F4}
		{C1B1EDDD-7126-45E7-B013-1DC4D2DD3D1C} = {EAF216FA-C3E1-435D-B528-3FF45AFF12EB}
		{2DFE8DDF-0C67-44E2-B52A-141165BEA20C} = {C1B1EDDD-7126-45E7-B013-1DC4D2DD3D1C}
		{1D86FA8D-4070-4BAA-AED3-B2FAA0F7CBEB} = {EAF216FA-C3E1-435D-B528-3FF45AFF12EB}
		{7F3C98D9-369A-43F0-B96E-FE76779784A2} = {1D86FA8D-4070-4BAA-AED3-B2FAA0F7CBEB}
		{29E3FA86-BCDF-42D5-8070-D8BEE20B31BA} = {B74519DC-0335-4F08-9B28-4E65ACBB5FA5}
		{9334E58F-1F98-428A-8AAD-6A54F1F8195D} = {29E3FA86-BCDF-42D5-8070-D8BEE20B31BA}
		{9E958803-F0AC-49CE-9642-E05F865080DB} = {B74519DC-0335-4F08-9B28-4E65ACBB5FA5}
		{156C507A-404D-417B-8631-CFDF33B3ED65} = {9E958803-F0AC-49CE-9642-E05F865080DB}
		{4BB9B6ED-4CED-43F2-8358-9D8CCA6E8B12} = {B74519DC-0335-4F08-9B28-4E65ACBB5FA5}
		{2AFB2960-026A-4769-A5DC-C8C685941AB6} = {4BB9B6ED-4CED-43F2-8358-9D8CCA6E8B12}
		{A155BB9F-095D-49F7-8F5F-3C9E41F50414} = {B74519DC-0335-4F08-9B28-4E65ACBB5FA5}
		{C343087E-5C37-4875-8FF7-86FEA35B47AB} = {A155BB9F-095D-49F7-8F5F-3C9E41F50414}
		{B18527FA-D324-4761-B7E3-7D9B4251F45B} = {B74519DC-0335-4F08-9B28-4E65ACBB5FA5}
		{2B93326F-3C71-43E3-8036-C317BA92BDFB} = {B18527FA-D324-4761-B7E3-7D9B4251F45B}
		{E6CACCC8-338C-42D0-820C-6C8D84F1343D} = {B74519DC-0335-4F08-9B28-4E65ACBB5FA5}
		{685026C9-84DF-4DAD-AE43-B5FC8C5A914C} = {E6CACCC8-338C-42D0-820C-6C8D84F1343D}
		{53284B41-772F-4548-BD25-4E86A594997F} = {B74519DC-0335-4F08-9B28-4E65ACBB5FA5}
		{032ABDD7-AF09-4CA3-8171-1A89A9172646} = {53284B41-772F-4548-BD25-4E86A594997F}
		{BCF3B6EF-EEA7-41C0-913F-F619960DC01E} = {575EA32E-EF68-48AA-A5CF-47B510A0D66D}
		{40157A87-EDCA-4CFC-9398-B58627902F07} = {BCF3B6EF-EEA7-41C0-913F-F619960DC01E}
		{A5B61C09-EAD1-4AF8-8470-5C4C2C56B12E} = {575EA32E-EF68-48AA-A5CF-47B510A0D66D}
		{0FB7921A-DE36-4AAA-B5EA-EDED3C115A16} = {A5B61C09-EAD1-4AF8-8470-5C4C2C56B12E}
		{F58B0C83-FF2C-437E-AB7F-6477DDFCF3AE} = {575EA32E-EF68-48AA-A5CF-47B510A0D66D}
		{CC487002-2CB5-4A24-B9AB-10A79F7794DB} = {F58B0C83-FF2C-437E-AB7F-6477DDFCF3AE}
		{5B1AA185-F596-4D93-8648-32153F45C930} = {575EA32E-EF68-48AA-A5CF-47B510A0D66D}
		{0A71BF7F-6006-4187-818A-C610DA2F22F6} = {5B1AA185-F596-4D93-8648-32153F45C930}
		{F1FDF6D6-C537-42C0-8F66-92E601461665} = {575EA32E-EF68-48AA-A5CF-47B510A0D66D}
		{2C5CD1EF-647E-4430-B136-653FAFDB57D4} = {F1FDF6D6-C537-42C0-8F66-92E601461665}
		{AD799756-664B-4656-BFD9-F355BB739CCC} = {575EA32E-EF68-48AA-A5CF-47B510A0D66D}
		{0765EA4C-668E-445C-8A6C-2DDE95649856} = {AD799756-664B-4656-BFD9-F355BB739CCC}
		{A3A0BBA3-299D-4D09-85FD-5CC8ADDFE8A4} = {575EA32E-EF68-48AA-A5CF-47B510A0D66D}
		{8DA43B9F-2B52-43E4-A0FF-0891FE94DCDA} = {A3A0BBA3-299D-4D09-85FD-5CC8ADDFE8A4}
		{6A85E86E-FD2C-45EE-8E5F-191294C36643} = {575EA32E-EF68-48AA-A5CF-47B510A0D66D}
		{77F7FB00-25B8-4157-8DAE-2BD744149EFB} = {6A85E86E-FD2C-45EE-8E5F-191294C36643}
		{0D731B11-72AF-47CA-A2FA-8065CE48EFFE} = {575EA32E-EF68-48AA-A5CF-47B510A0D66D}
		{46949176-10F5-49EB-AE5B-C38980FF2622} = {0D731B11-72AF-47CA-A2FA-8065CE48EFFE}
		{A21C7B28-4B9A-48F2-9FDE-1F8EE7AF93C8} = {575EA32E-EF68-48AA-A5CF-47B510A0D66D}
		{B8746F35-AF33-4704-B377-6AB199C351C1} = {A21C7B28-4B9A-48F2-9FDE-1F8EE7AF93C8}
		{67BA7A42-5CE8-4608-BF25-C401E8E9D517} = {575EA32E-EF68-48AA-A5CF-47B510A0D66D}
		{D9CB2F19-81FE-45B3-8BB4-B84E9853A63F} = {67BA7A42-5CE8-4608-BF25-C401E8E9D517}
	EndGlobalSection
	GlobalSection(ExtensibilityGlobals) = postSolution
		SolutionGuid = {60A1DFF7-88B5-4926-B98A-37F01235DDD8}
	EndGlobalSection
EndGlobal
