
Microsoft Visual Studio Solution File, Format Version 12.00
# Visual Studio Version 17
VisualStudioVersion = 17.1.32319.34
MinimumVisualStudioVersion = 10.0.40219.1
Project("{FAE04EC0-301F-11D3-BF4B-00C04F79EFBC}") = "AspNet.Project", "AspNet.Project\AspNet.Project.csproj", "{AFBD9548-F89C-49D6-84DE-B2936CAF9EFB}"
EndProject
Global
	GlobalSection(SolutionConfigurationPlatforms) = preSolution
		Debug|Any CPU = Debug|Any CPU
		Release|Any CPU = Release|Any CPU
	EndGlobalSection
	GlobalSection(ProjectConfigurationPlatforms) = postSolution
		{AFBD9548-F89C-49D6-84DE-B2936CAF9EFB}.Debug|Any CPU.ActiveCfg = Debug|Any CPU
		{AFBD9548-F89C-49D6-84DE-B2936CAF9EFB}.Debug|Any CPU.Build.0 = Debug|Any CPU
		{AFBD9548-F89C-49D6-84DE-B2936CAF9EFB}.Release|Any CPU.ActiveCfg = Release|Any CPU
		{AFBD9548-F89C-49D6-84DE-B2936CAF9EFB}.Release|Any CPU.Build.0 = Release|Any CPU
	EndGlobalSection
	GlobalSection(SolutionProperties) = preSolution
		HideSolutionNode = FALSE
	EndGlobalSection
	GlobalSection(ExtensibilityGlobals) = postSolution
		SolutionGuid = {4643C2E8-A8CE-4CC4-AFB6-89A95DEA76A4}
	EndGlobalSection
EndGlobal
